packages:
  - name: linkedin_pages
    package: fivetran/linkedin_pages
    version: 1.0.0
  - name: dbt_utils
    package: dbt-labs/dbt_utils
    version: 1.3.1
  - name: fivetran_utils
    package: fivetran/fivetran_utils
    version: 0.4.10
  - name: spark_utils
    package: dbt-labs/spark_utils
    version: 0.3.0
sha1_hash: da6a87d14c5c524ac53aecc99109cc80aad008de
